
Microsoft Visual Studio Solution File, Format Version 12.00
# Visual Studio 2013
VisualStudioVersion = 12.0.21005.1
MinimumVisualStudioVersion = 10.0.40219.1
Project("{BE0A4C86-FC82-4F70-8ED6-D24C8B13E7BF}") = "Risk_AI_1", "Risk_AI_1\Risk_AI_1.javaproj", "{3695DC46-2D6A-4CC9-A2F8-9F70475C5A97}"
EndProject
Global
	GlobalSection(SolutionConfigurationPlatforms) = preSolution
		Debug|Any CPU = Debug|Any CPU
		Release|Any CPU = Release|Any CPU
	EndGlobalSection
	GlobalSection(ProjectConfigurationPlatforms) = postSolution
		{3695DC46-2D6A-4CC9-A2F8-9F70475C5A97}.Debug|Any CPU.ActiveCfg = Debug|Any CPU
		{3695DC46-2D6A-4CC9-A2F8-9F70475C5A97}.Debug|Any CPU.Build.0 = Debug|Any CPU
		{3695DC46-2D6A-4CC9-A2F8-9F70475C5A97}.Release|Any CPU.ActiveCfg = Release|Any CPU
		{3695DC46-2D6A-4CC9-A2F8-9F70475C5A97}.Release|Any CPU.Build.0 = Release|Any CPU
	EndGlobalSection
	GlobalSection(SolutionProperties) = preSolution
		HideSolutionNode = FALSE
	EndGlobalSection
EndGlobal
